// !$*UTF8*$!
{
	archiveVersion = 1;
	classes = {
	};
	objectVersion = 55;
	objects = {

/* Begin PBXBuildFile section */
		0F6A9CBA69AE68DD6B29F691 /* Pods_Applifashion.framework in Frameworks */ = {isa = PBXBuildFile; fileRef = FCB842E0C11EDD1F8CB67128 /* Pods_Applifashion.framework */; };
		4502C9B62898E177001C032C /* HeaderCollectionReusableView.swift in Sources */ = {isa = PBXBuildFile; fileRef = 4502C9B52898E177001C032C /* HeaderCollectionReusableView.swift */; };
		4596770B287CBCB800966C27 /* AppDelegate.swift in Sources */ = {isa = PBXBuildFile; fileRef = 4596770A287CBCB800966C27 /* AppDelegate.swift */; };
		4596770D287CBCB800966C27 /* SceneDelegate.swift in Sources */ = {isa = PBXBuildFile; fileRef = 4596770C287CBCB800966C27 /* SceneDelegate.swift */; };
		45967712287CBCB800966C27 /* Main.storyboard in Resources */ = {isa = PBXBuildFile; fileRef = 45967710287CBCB800966C27 /* Main.storyboard */; };
		45967714287CBCBD00966C27 /* Assets.xcassets in Resources */ = {isa = PBXBuildFile; fileRef = 45967713287CBCBD00966C27 /* Assets.xcassets */; };
		45967717287CBCBD00966C27 /* LaunchScreen.storyboard in Resources */ = {isa = PBXBuildFile; fileRef = 45967715287CBCBD00966C27 /* LaunchScreen.storyboard */; };
		4597166F2899D5D900EB886C /* FooterCollectionReusableView.swift in Sources */ = {isa = PBXBuildFile; fileRef = 4597166E2899D5D900EB886C /* FooterCollectionReusableView.swift */; };
		459AF4B02895CFEF0008DB33 /* ProductListCollectionViewController.swift in Sources */ = {isa = PBXBuildFile; fileRef = 459AF4AF2895CFEF0008DB33 /* ProductListCollectionViewController.swift */; };
		459AF4B228970D5E0008DB33 /* CollectionViewCell.swift in Sources */ = {isa = PBXBuildFile; fileRef = 459AF4B128970D5E0008DB33 /* CollectionViewCell.swift */; };
		459AF4B4289719500008DB33 /* Shoe.swift in Sources */ = {isa = PBXBuildFile; fileRef = 459AF4B3289719500008DB33 /* Shoe.swift */; };
		459AF4B8289798060008DB33 /* Color.swift in Sources */ = {isa = PBXBuildFile; fileRef = 459AF4B7289798060008DB33 /* Color.swift */; };
		459AF4BB2897994D0008DB33 /* Brand.swift in Sources */ = {isa = PBXBuildFile; fileRef = 459AF4BA2897994D0008DB33 /* Brand.swift */; };
		459AF4BD289799DA0008DB33 /* PriceRange.swift in Sources */ = {isa = PBXBuildFile; fileRef = 459AF4BC289799DA0008DB33 /* PriceRange.swift */; };
		459AF4BF289854000008DB33 /* ShoeType.swift in Sources */ = {isa = PBXBuildFile; fileRef = 459AF4BE289854000008DB33 /* ShoeType.swift */; };
		459AF4C2289895AE0008DB33 /* ApplifashionVC.swift in Sources */ = {isa = PBXBuildFile; fileRef = 459AF4C1289895AE0008DB33 /* ApplifashionVC.swift */; };
		459AF4C42898960A0008DB33 /* SearchVC.swift in Sources */ = {isa = PBXBuildFile; fileRef = 459AF4C32898960A0008DB33 /* SearchVC.swift */; };
		459AF4C6289896230008DB33 /* ProfileVC.swift in Sources */ = {isa = PBXBuildFile; fileRef = 459AF4C5289896230008DB33 /* ProfileVC.swift */; };
		459AF4C82898963B0008DB33 /* CartVC.swift in Sources */ = {isa = PBXBuildFile; fileRef = 459AF4C72898963B0008DB33 /* CartVC.swift */; };
		459AF4CA28989BB20008DB33 /* MainTabVC.swift in Sources */ = {isa = PBXBuildFile; fileRef = 459AF4C928989BB20008DB33 /* MainTabVC.swift */; };
		45D95EFB28A2EAE900C8595B /* ShoeDetailViewController.swift in Sources */ = {isa = PBXBuildFile; fileRef = 45D95EFA28A2EAE900C8595B /* ShoeDetailViewController.swift */; };
		45DB1CC428A6F36D00F0F983 /* FilterViewController.swift in Sources */ = {isa = PBXBuildFile; fileRef = 45DB1CC328A6F36D00F0F983 /* FilterViewController.swift */; };
/* End PBXBuildFile section */

/* Begin PBXFileReference section */
		4502C9B52898E177001C032C /* HeaderCollectionReusableView.swift */ = {isa = PBXFileReference; lastKnownFileType = sourcecode.swift; path = HeaderCollectionReusableView.swift; sourceTree = "<group>"; };
		45967707287CBCB800966C27 /* Applifashion.app */ = {isa = PBXFileReference; explicitFileType = wrapper.application; includeInIndex = 0; path = Applifashion.app; sourceTree = BUILT_PRODUCTS_DIR; };
		4596770A287CBCB800966C27 /* AppDelegate.swift */ = {isa = PBXFileReference; lastKnownFileType = sourcecode.swift; path = AppDelegate.swift; sourceTree = "<group>"; };
		4596770C287CBCB800966C27 /* SceneDelegate.swift */ = {isa = PBXFileReference; lastKnownFileType = sourcecode.swift; path = SceneDelegate.swift; sourceTree = "<group>"; };
		45967711287CBCB800966C27 /* Base */ = {isa = PBXFileReference; lastKnownFileType = file.storyboard; name = Base; path = Base.lproj/Main.storyboard; sourceTree = "<group>"; };
		45967713287CBCBD00966C27 /* Assets.xcassets */ = {isa = PBXFileReference; lastKnownFileType = folder.assetcatalog; path = Assets.xcassets; sourceTree = "<group>"; };
		45967716287CBCBD00966C27 /* Base */ = {isa = PBXFileReference; lastKnownFileType = file.storyboard; name = Base; path = Base.lproj/LaunchScreen.storyboard; sourceTree = "<group>"; };
		45967718287CBCBD00966C27 /* Info.plist */ = {isa = PBXFileReference; lastKnownFileType = text.plist.xml; path = Info.plist; sourceTree = "<group>"; };
		4597166E2899D5D900EB886C /* FooterCollectionReusableView.swift */ = {isa = PBXFileReference; lastKnownFileType = sourcecode.swift; path = FooterCollectionReusableView.swift; sourceTree = "<group>"; };
		459AF4AF2895CFEF0008DB33 /* ProductListCollectionViewController.swift */ = {isa = PBXFileReference; lastKnownFileType = sourcecode.swift; path = ProductListCollectionViewController.swift; sourceTree = "<group>"; };
		459AF4B128970D5E0008DB33 /* CollectionViewCell.swift */ = {isa = PBXFileReference; lastKnownFileType = sourcecode.swift; path = CollectionViewCell.swift; sourceTree = "<group>"; };
		459AF4B3289719500008DB33 /* Shoe.swift */ = {isa = PBXFileReference; lastKnownFileType = sourcecode.swift; path = Shoe.swift; sourceTree = "<group>"; };
		459AF4B7289798060008DB33 /* Color.swift */ = {isa = PBXFileReference; lastKnownFileType = sourcecode.swift; path = Color.swift; sourceTree = "<group>"; };
		459AF4BA2897994D0008DB33 /* Brand.swift */ = {isa = PBXFileReference; lastKnownFileType = sourcecode.swift; path = Brand.swift; sourceTree = "<group>"; };
		459AF4BC289799DA0008DB33 /* PriceRange.swift */ = {isa = PBXFileReference; lastKnownFileType = sourcecode.swift; path = PriceRange.swift; sourceTree = "<group>"; };
		459AF4BE289854000008DB33 /* ShoeType.swift */ = {isa = PBXFileReference; lastKnownFileType = sourcecode.swift; path = ShoeType.swift; sourceTree = "<group>"; };
		459AF4C1289895AE0008DB33 /* ApplifashionVC.swift */ = {isa = PBXFileReference; lastKnownFileType = sourcecode.swift; path = ApplifashionVC.swift; sourceTree = "<group>"; };
		459AF4C32898960A0008DB33 /* SearchVC.swift */ = {isa = PBXFileReference; lastKnownFileType = sourcecode.swift; path = SearchVC.swift; sourceTree = "<group>"; };
		459AF4C5289896230008DB33 /* ProfileVC.swift */ = {isa = PBXFileReference; lastKnownFileType = sourcecode.swift; path = ProfileVC.swift; sourceTree = "<group>"; };
		459AF4C72898963B0008DB33 /* CartVC.swift */ = {isa = PBXFileReference; lastKnownFileType = sourcecode.swift; path = CartVC.swift; sourceTree = "<group>"; };
		459AF4C928989BB20008DB33 /* MainTabVC.swift */ = {isa = PBXFileReference; lastKnownFileType = sourcecode.swift; path = MainTabVC.swift; sourceTree = "<group>"; };
		45D95EFA28A2EAE900C8595B /* ShoeDetailViewController.swift */ = {isa = PBXFileReference; lastKnownFileType = sourcecode.swift; path = ShoeDetailViewController.swift; sourceTree = "<group>"; };
		45DB1CC328A6F36D00F0F983 /* FilterViewController.swift */ = {isa = PBXFileReference; lastKnownFileType = sourcecode.swift; path = FilterViewController.swift; sourceTree = "<group>"; };
		EEA6DFB78928965F1F5168CF /* Pods-Applifashion.release.xcconfig */ = {isa = PBXFileReference; includeInIndex = 1; lastKnownFileType = text.xcconfig; name = "Pods-Applifashion.release.xcconfig"; path = "Target Support Files/Pods-Applifashion/Pods-Applifashion.release.xcconfig"; sourceTree = "<group>"; };
		F276E0CCC6E4278E2987EA7A /* Pods-Applifashion.debug.xcconfig */ = {isa = PBXFileReference; includeInIndex = 1; lastKnownFileType = text.xcconfig; name = "Pods-Applifashion.debug.xcconfig"; path = "Target Support Files/Pods-Applifashion/Pods-Applifashion.debug.xcconfig"; sourceTree = "<group>"; };
		FCB842E0C11EDD1F8CB67128 /* Pods_Applifashion.framework */ = {isa = PBXFileReference; explicitFileType = wrapper.framework; includeInIndex = 0; path = Pods_Applifashion.framework; sourceTree = BUILT_PRODUCTS_DIR; };
/* End PBXFileReference section */

/* Begin PBXFrameworksBuildPhase section */
		45967704287CBCB800966C27 /* Frameworks */ = {
			isa = PBXFrameworksBuildPhase;
			buildActionMask = 2147483647;
			files = (
				0F6A9CBA69AE68DD6B29F691 /* Pods_Applifashion.framework in Frameworks */,
			);
			runOnlyForDeploymentPostprocessing = 0;
		};
/* End PBXFrameworksBuildPhase section */

/* Begin PBXGroup section */
		24B8ACF77CE14D6B4D78E4A2 /* Frameworks */ = {
			isa = PBXGroup;
			children = (
				FCB842E0C11EDD1F8CB67128 /* Pods_Applifashion.framework */,
			);
			name = Frameworks;
			sourceTree = "<group>";
		};
		459676FE287CBCB800966C27 = {
			isa = PBXGroup;
			children = (
				45967709287CBCB800966C27 /* Applifashion */,
				45967708287CBCB800966C27 /* Products */,
				9BE823A7D339D905C791AE6F /* Pods */,
				24B8ACF77CE14D6B4D78E4A2 /* Frameworks */,
			);
			sourceTree = "<group>";
		};
		45967708287CBCB800966C27 /* Products */ = {
			isa = PBXGroup;
			children = (
				45967707287CBCB800966C27 /* Applifashion.app */,
			);
			name = Products;
			sourceTree = "<group>";
		};
		45967709287CBCB800966C27 /* Applifashion */ = {
			isa = PBXGroup;
			children = (
				4597166E2899D5D900EB886C /* FooterCollectionReusableView.swift */,
				4502C9B52898E177001C032C /* HeaderCollectionReusableView.swift */,
				45D95EFA28A2EAE900C8595B /* ShoeDetailViewController.swift */,
				459AF4C02898957E0008DB33 /* tabBar */,
				4596770A287CBCB800966C27 /* AppDelegate.swift */,
				4596770C287CBCB800966C27 /* SceneDelegate.swift */,
				45967710287CBCB800966C27 /* Main.storyboard */,
				459AF4B128970D5E0008DB33 /* CollectionViewCell.swift */,
				45967713287CBCBD00966C27 /* Assets.xcassets */,
				45967715287CBCBD00966C27 /* LaunchScreen.storyboard */,
				45967718287CBCBD00966C27 /* Info.plist */,
				459AF4AF2895CFEF0008DB33 /* ProductListCollectionViewController.swift */,
				459AF4B3289719500008DB33 /* Shoe.swift */,
				459AF4B92897993A0008DB33 /* utils */,
				45DB1CC328A6F36D00F0F983 /* FilterViewController.swift */,
			);
			path = Applifashion;
			sourceTree = "<group>";
		};
		459AF4B92897993A0008DB33 /* utils */ = {
			isa = PBXGroup;
			children = (
				459AF4BE289854000008DB33 /* ShoeType.swift */,
				459AF4BC289799DA0008DB33 /* PriceRange.swift */,
				459AF4B7289798060008DB33 /* Color.swift */,
				459AF4BA2897994D0008DB33 /* Brand.swift */,
			);
			path = utils;
			sourceTree = "<group>";
		};
		459AF4C02898957E0008DB33 /* tabBar */ = {
			isa = PBXGroup;
			children = (
				459AF4C1289895AE0008DB33 /* ApplifashionVC.swift */,
				459AF4C32898960A0008DB33 /* SearchVC.swift */,
				459AF4C5289896230008DB33 /* ProfileVC.swift */,
				459AF4C72898963B0008DB33 /* CartVC.swift */,
				459AF4C928989BB20008DB33 /* MainTabVC.swift */,
			);
			path = tabBar;
			sourceTree = "<group>";
		};
		9BE823A7D339D905C791AE6F /* Pods */ = {
			isa = PBXGroup;
			children = (
				F276E0CCC6E4278E2987EA7A /* Pods-Applifashion.debug.xcconfig */,
				EEA6DFB78928965F1F5168CF /* Pods-Applifashion.release.xcconfig */,
			);
			path = Pods;
			sourceTree = "<group>";
		};
/* End PBXGroup section */

/* Begin PBXNativeTarget section */
		45967706287CBCB800966C27 /* Applifashion */ = {
			isa = PBXNativeTarget;
			buildConfigurationList = 4596771B287CBCBD00966C27 /* Build configuration list for PBXNativeTarget "Applifashion" */;
			buildPhases = (
				90B955F596575B0A3F3A8482 /* [CP] Check Pods Manifest.lock */,
				45967703287CBCB800966C27 /* Sources */,
				45967704287CBCB800966C27 /* Frameworks */,
				45967705287CBCB800966C27 /* Resources */,
				2BBE8961D5700B1789CA8842 /* [CP] Embed Pods Frameworks */,
			);
			buildRules = (
			);
			dependencies = (
			);
			name = Applifashion;
			productName = Applifashion;
			productReference = 45967707287CBCB800966C27 /* Applifashion.app */;
			productType = "com.apple.product-type.application";
		};
/* End PBXNativeTarget section */

/* Begin PBXProject section */
		459676FF287CBCB800966C27 /* Project object */ = {
			isa = PBXProject;
			attributes = {
				BuildIndependentTargetsInParallel = 1;
				LastSwiftUpdateCheck = 1340;
				LastUpgradeCheck = 1340;
				TargetAttributes = {
					45967706287CBCB800966C27 = {
						CreatedOnToolsVersion = 13.4.1;
					};
				};
			};
			buildConfigurationList = 45967702287CBCB800966C27 /* Build configuration list for PBXProject "Applifashion" */;
			compatibilityVersion = "Xcode 13.0";
			developmentRegion = en;
			hasScannedForEncodings = 0;
			knownRegions = (
				en,
				Base,
			);
			mainGroup = 459676FE287CBCB800966C27;
			productRefGroup = 45967708287CBCB800966C27 /* Products */;
			projectDirPath = "";
			projectRoot = "";
			targets = (
				45967706287CBCB800966C27 /* Applifashion */,
			);
		};
/* End PBXProject section */

/* Begin PBXResourcesBuildPhase section */
		45967705287CBCB800966C27 /* Resources */ = {
			isa = PBXResourcesBuildPhase;
			buildActionMask = 2147483647;
			files = (
				45967717287CBCBD00966C27 /* LaunchScreen.storyboard in Resources */,
				45967714287CBCBD00966C27 /* Assets.xcassets in Resources */,
				45967712287CBCB800966C27 /* Main.storyboard in Resources */,
			);
			runOnlyForDeploymentPostprocessing = 0;
		};
/* End PBXResourcesBuildPhase section */

/* Begin PBXShellScriptBuildPhase section */
		2BBE8961D5700B1789CA8842 /* [CP] Embed Pods Frameworks */ = {
			isa = PBXShellScriptBuildPhase;
			buildActionMask = 2147483647;
			files = (
			);
			inputFileListPaths = (
				"${PODS_ROOT}/Target Support Files/Pods-Applifashion/Pods-Applifashion-frameworks-${CONFIGURATION}-input-files.xcfilelist",
			);
			name = "[CP] Embed Pods Frameworks";
			outputFileListPaths = (
				"${PODS_ROOT}/Target Support Files/Pods-Applifashion/Pods-Applifashion-frameworks-${CONFIGURATION}-output-files.xcfilelist",
			);
			runOnlyForDeploymentPostprocessing = 0;
			shellPath = /bin/sh;
			shellScript = "\"${PODS_ROOT}/Target Support Files/Pods-Applifashion/Pods-Applifashion-frameworks.sh\"\n";
			showEnvVarsInLog = 0;
		};
		90B955F596575B0A3F3A8482 /* [CP] Check Pods Manifest.lock */ = {
			isa = PBXShellScriptBuildPhase;
			buildActionMask = 2147483647;
			files = (
			);
			inputFileListPaths = (
			);
			inputPaths = (
				"${PODS_PODFILE_DIR_PATH}/Podfile.lock",
				"${PODS_ROOT}/Manifest.lock",
			);
			name = "[CP] Check Pods Manifest.lock";
			outputFileListPaths = (
			);
			outputPaths = (
				"$(DERIVED_FILE_DIR)/Pods-Applifashion-checkManifestLockResult.txt",
			);
			runOnlyForDeploymentPostprocessing = 0;
			shellPath = /bin/sh;
			shellScript = "diff \"${PODS_PODFILE_DIR_PATH}/Podfile.lock\" \"${PODS_ROOT}/Manifest.lock\" > /dev/null\nif [ $? != 0 ] ; then\n    # print error to STDERR\n    echo \"error: The sandbox is not in sync with the Podfile.lock. Run 'pod install' or update your CocoaPods installation.\" >&2\n    exit 1\nfi\n# This output is used by Xcode 'outputs' to avoid re-running this script phase.\necho \"SUCCESS\" > \"${SCRIPT_OUTPUT_FILE_0}\"\n";
			showEnvVarsInLog = 0;
		};
/* End PBXShellScriptBuildPhase section */

/* Begin PBXSourcesBuildPhase section */
		45967703287CBCB800966C27 /* Sources */ = {
			isa = PBXSourcesBuildPhase;
			buildActionMask = 2147483647;
			files = (
				459AF4C6289896230008DB33 /* ProfileVC.swift in Sources */,
				459AF4C2289895AE0008DB33 /* ApplifashionVC.swift in Sources */,
				459AF4C42898960A0008DB33 /* SearchVC.swift in Sources */,
				459AF4B228970D5E0008DB33 /* CollectionViewCell.swift in Sources */,
				459AF4C82898963B0008DB33 /* CartVC.swift in Sources */,
				459AF4CA28989BB20008DB33 /* MainTabVC.swift in Sources */,
				459AF4B02895CFEF0008DB33 /* ProductListCollectionViewController.swift in Sources */,
				4596770B287CBCB800966C27 /* AppDelegate.swift in Sources */,
				459AF4BD289799DA0008DB33 /* PriceRange.swift in Sources */,
				459AF4B4289719500008DB33 /* Shoe.swift in Sources */,
				459AF4BB2897994D0008DB33 /* Brand.swift in Sources */,
				4596770D287CBCB800966C27 /* SceneDelegate.swift in Sources */,
				45D95EFB28A2EAE900C8595B /* ShoeDetailViewController.swift in Sources */,
				45DB1CC428A6F36D00F0F983 /* FilterViewController.swift in Sources */,
				459AF4B8289798060008DB33 /* Color.swift in Sources */,
				4502C9B62898E177001C032C /* HeaderCollectionReusableView.swift in Sources */,
				4597166F2899D5D900EB886C /* FooterCollectionReusableView.swift in Sources */,
				459AF4BF289854000008DB33 /* ShoeType.swift in Sources */,
			);
			runOnlyForDeploymentPostprocessing = 0;
		};
/* End PBXSourcesBuildPhase section */

/* Begin PBXVariantGroup section */
		45967710287CBCB800966C27 /* Main.storyboard */ = {
			isa = PBXVariantGroup;
			children = (
				45967711287CBCB800966C27 /* Base */,
			);
			name = Main.storyboard;
			sourceTree = "<group>";
		};
		45967715287CBCBD00966C27 /* LaunchScreen.storyboard */ = {
			isa = PBXVariantGroup;
			children = (
				45967716287CBCBD00966C27 /* Base */,
			);
			name = LaunchScreen.storyboard;
			sourceTree = "<group>";
		};
/* End PBXVariantGroup section */

/* Begin XCBuildConfiguration section */
		45967719287CBCBD00966C27 /* Debug */ = {
			isa = XCBuildConfiguration;
			buildSettings = {
				ALWAYS_SEARCH_USER_PATHS = NO;
				CLANG_ANALYZER_NONNULL = YES;
				CLANG_ANALYZER_NUMBER_OBJECT_CONVERSION = YES_AGGRESSIVE;
				CLANG_CXX_LANGUAGE_STANDARD = "gnu++17";
				CLANG_ENABLE_MODULES = YES;
				CLANG_ENABLE_OBJC_ARC = YES;
				CLANG_ENABLE_OBJC_WEAK = YES;
				CLANG_WARN_BLOCK_CAPTURE_AUTORELEASING = YES;
				CLANG_WARN_BOOL_CONVERSION = YES;
				CLANG_WARN_COMMA = YES;
				CLANG_WARN_CONSTANT_CONVERSION = YES;
				CLANG_WARN_DEPRECATED_OBJC_IMPLEMENTATIONS = YES;
				CLANG_WARN_DIRECT_OBJC_ISA_USAGE = YES_ERROR;
				CLANG_WARN_DOCUMENTATION_COMMENTS = YES;
				CLANG_WARN_EMPTY_BODY = YES;
				CLANG_WARN_ENUM_CONVERSION = YES;
				CLANG_WARN_INFINITE_RECURSION = YES;
				CLANG_WARN_INT_CONVERSION = YES;
				CLANG_WARN_NON_LITERAL_NULL_CONVERSION = YES;
				CLANG_WARN_OBJC_IMPLICIT_RETAIN_SELF = YES;
				CLANG_WARN_OBJC_LITERAL_CONVERSION = YES;
				CLANG_WARN_OBJC_ROOT_CLASS = YES_ERROR;
				CLANG_WARN_QUOTED_INCLUDE_IN_FRAMEWORK_HEADER = YES;
				CLANG_WARN_RANGE_LOOP_ANALYSIS = YES;
				CLANG_WARN_STRICT_PROTOTYPES = YES;
				CLANG_WARN_SUSPICIOUS_MOVE = YES;
				CLANG_WARN_UNGUARDED_AVAILABILITY = YES_AGGRESSIVE;
				CLANG_WARN_UNREACHABLE_CODE = YES;
				CLANG_WARN__DUPLICATE_METHOD_MATCH = YES;
				COPY_PHASE_STRIP = NO;
				DEBUG_INFORMATION_FORMAT = dwarf;
				ENABLE_STRICT_OBJC_MSGSEND = YES;
				ENABLE_TESTABILITY = YES;
				GCC_C_LANGUAGE_STANDARD = gnu11;
				GCC_DYNAMIC_NO_PIC = NO;
				GCC_NO_COMMON_BLOCKS = YES;
				GCC_OPTIMIZATION_LEVEL = 0;
				GCC_PREPROCESSOR_DEFINITIONS = (
					"DEBUG=1",
					"$(inherited)",
				);
				GCC_WARN_64_TO_32_BIT_CONVERSION = YES;
				GCC_WARN_ABOUT_RETURN_TYPE = YES_ERROR;
				GCC_WARN_UNDECLARED_SELECTOR = YES;
				GCC_WARN_UNINITIALIZED_AUTOS = YES_AGGRESSIVE;
				GCC_WARN_UNUSED_FUNCTION = YES;
				GCC_WARN_UNUSED_VARIABLE = YES;
				IPHONEOS_DEPLOYMENT_TARGET = 15.5;
				MTL_ENABLE_DEBUG_INFO = INCLUDE_SOURCE;
				MTL_FAST_MATH = YES;
				ONLY_ACTIVE_ARCH = YES;
				SDKROOT = iphoneos;
				SWIFT_ACTIVE_COMPILATION_CONDITIONS = DEBUG;
				SWIFT_OPTIMIZATION_LEVEL = "-Onone";
			};
			name = Debug;
		};
		4596771A287CBCBD00966C27 /* Release */ = {
			isa = XCBuildConfiguration;
			buildSettings = {
				ALWAYS_SEARCH_USER_PATHS = NO;
				CLANG_ANALYZER_NONNULL = YES;
				CLANG_ANALYZER_NUMBER_OBJECT_CONVERSION = YES_AGGRESSIVE;
				CLANG_CXX_LANGUAGE_STANDARD = "gnu++17";
				CLANG_ENABLE_MODULES = YES;
				CLANG_ENABLE_OBJC_ARC = YES;
				CLANG_ENABLE_OBJC_WEAK = YES;
				CLANG_WARN_BLOCK_CAPTURE_AUTORELEASING = YES;
				CLANG_WARN_BOOL_CONVERSION = YES;
				CLANG_WARN_COMMA = YES;
				CLANG_WARN_CONSTANT_CONVERSION = YES;
				CLANG_WARN_DEPRECATED_OBJC_IMPLEMENTATIONS = YES;
				CLANG_WARN_DIRECT_OBJC_ISA_USAGE = YES_ERROR;
				CLANG_WARN_DOCUMENTATION_COMMENTS = YES;
				CLANG_WARN_EMPTY_BODY = YES;
				CLANG_WARN_ENUM_CONVERSION = YES;
				CLANG_WARN_INFINITE_RECURSION = YES;
				CLANG_WARN_INT_CONVERSION = YES;
				CLANG_WARN_NON_LITERAL_NULL_CONVERSION = YES;
				CLANG_WARN_OBJC_IMPLICIT_RETAIN_SELF = YES;
				CLANG_WARN_OBJC_LITERAL_CONVERSION = YES;
				CLANG_WARN_OBJC_ROOT_CLASS = YES_ERROR;
				CLANG_WARN_QUOTED_INCLUDE_IN_FRAMEWORK_HEADER = YES;
				CLANG_WARN_RANGE_LOOP_ANALYSIS = YES;
				CLANG_WARN_STRICT_PROTOTYPES = YES;
				CLANG_WARN_SUSPICIOUS_MOVE = YES;
				CLANG_WARN_UNGUARDED_AVAILABILITY = YES_AGGRESSIVE;
				CLANG_WARN_UNREACHABLE_CODE = YES;
				CLANG_WARN__DUPLICATE_METHOD_MATCH = YES;
				COPY_PHASE_STRIP = NO;
				DEBUG_INFORMATION_FORMAT = "dwarf-with-dsym";
				ENABLE_NS_ASSERTIONS = NO;
				ENABLE_STRICT_OBJC_MSGSEND = YES;
				GCC_C_LANGUAGE_STANDARD = gnu11;
				GCC_NO_COMMON_BLOCKS = YES;
				GCC_WARN_64_TO_32_BIT_CONVERSION = YES;
				GCC_WARN_ABOUT_RETURN_TYPE = YES_ERROR;
				GCC_WARN_UNDECLARED_SELECTOR = YES;
				GCC_WARN_UNINITIALIZED_AUTOS = YES_AGGRESSIVE;
				GCC_WARN_UNUSED_FUNCTION = YES;
				GCC_WARN_UNUSED_VARIABLE = YES;
				IPHONEOS_DEPLOYMENT_TARGET = 15.5;
				MTL_ENABLE_DEBUG_INFO = NO;
				MTL_FAST_MATH = YES;
				SDKROOT = iphoneos;
				SWIFT_COMPILATION_MODE = wholemodule;
				SWIFT_OPTIMIZATION_LEVEL = "-O";
				VALIDATE_PRODUCT = YES;
			};
			name = Release;
		};
		4596771C287CBCBD00966C27 /* Debug */ = {
			isa = XCBuildConfiguration;
			baseConfigurationReference = F276E0CCC6E4278E2987EA7A /* Pods-Applifashion.debug.xcconfig */;
			buildSettings = {
				ASSETCATALOG_COMPILER_APPICON_NAME = AppIcon;
				ASSETCATALOG_COMPILER_GLOBAL_ACCENT_COLOR_NAME = AccentColor;
				CODE_SIGN_STYLE = Automatic;
				CURRENT_PROJECT_VERSION = 1;
				DEVELOPMENT_TEAM = 96RT2XKBAX;
				GENERATE_INFOPLIST_FILE = YES;
				INFOPLIST_FILE = Applifashion/Info.plist;
				INFOPLIST_KEY_UIApplicationSupportsIndirectInputEvents = YES;
				INFOPLIST_KEY_UILaunchStoryboardName = LaunchScreen;
				INFOPLIST_KEY_UIMainStoryboardFile = Main;
				INFOPLIST_KEY_UISupportedInterfaceOrientations_iPad = "UIInterfaceOrientationPortrait UIInterfaceOrientationPortraitUpsideDown UIInterfaceOrientationLandscapeLeft UIInterfaceOrientationLandscapeRight";
				INFOPLIST_KEY_UISupportedInterfaceOrientations_iPhone = "UIInterfaceOrientationPortrait UIInterfaceOrientationLandscapeLeft UIInterfaceOrientationLandscapeRight";
				LD_RUNPATH_SEARCH_PATHS = (
					"$(inherited)",
					"@executable_path/Frameworks",
				);
				MARKETING_VERSION = 1.0;
				PRODUCT_BUNDLE_IDENTIFIER = com.applitools.Applifashion;
				PRODUCT_NAME = "$(TARGET_NAME)";
				SWIFT_EMIT_LOC_STRINGS = YES;
				SWIFT_VERSION = 5.0;
				TARGETED_DEVICE_FAMILY = "1,2";
			};
			name = Debug;
		};
		4596771D287CBCBD00966C27 /* Release */ = {
			isa = XCBuildConfiguration;
			baseConfigurationReference = EEA6DFB78928965F1F5168CF /* Pods-Applifashion.release.xcconfig */;
			buildSettings = {
				ASSETCATALOG_COMPILER_APPICON_NAME = AppIcon;
				ASSETCATALOG_COMPILER_GLOBAL_ACCENT_COLOR_NAME = AccentColor;
				CODE_SIGN_STYLE = Automatic;
				CURRENT_PROJECT_VERSION = 1;
				DEVELOPMENT_TEAM = 96RT2XKBAX;
				GENERATE_INFOPLIST_FILE = YES;
				INFOPLIST_FILE = Applifashion/Info.plist;
				INFOPLIST_KEY_UIApplicationSupportsIndirectInputEvents = YES;
				INFOPLIST_KEY_UILaunchStoryboardName = LaunchScreen;
				INFOPLIST_KEY_UIMainStoryboardFile = Main;
				INFOPLIST_KEY_UISupportedInterfaceOrientations_iPad = "UIInterfaceOrientationPortrait UIInterfaceOrientationPortraitUpsideDown UIInterfaceOrientationLandscapeLeft UIInterfaceOrientationLandscapeRight";
				INFOPLIST_KEY_UISupportedInterfaceOrientations_iPhone = "UIInterfaceOrientationPortrait UIInterfaceOrientationLandscapeLeft UIInterfaceOrientationLandscapeRight";
				LD_RUNPATH_SEARCH_PATHS = (
					"$(inherited)",
					"@executable_path/Frameworks",
				);
				MARKETING_VERSION = 1.0;
				PRODUCT_BUNDLE_IDENTIFIER = com.applitools.Applifashion;
				PRODUCT_NAME = "$(TARGET_NAME)";
				SWIFT_EMIT_LOC_STRINGS = YES;
				SWIFT_VERSION = 5.0;
				TARGETED_DEVICE_FAMILY = "1,2";
			};
			name = Release;
		};
/* End XCBuildConfiguration section */

/* Begin XCConfigurationList section */
		45967702287CBCB800966C27 /* Build configuration list for PBXProject "Applifashion" */ = {
			isa = XCConfigurationList;
			buildConfigurations = (
				45967719287CBCBD00966C27 /* Debug */,
				4596771A287CBCBD00966C27 /* Release */,
			);
			defaultConfigurationIsVisible = 0;
			defaultConfigurationName = Release;
		};
		4596771B287CBCBD00966C27 /* Build configuration list for PBXNativeTarget "Applifashion" */ = {
			isa = XCConfigurationList;
			buildConfigurations = (
				4596771C287CBCBD00966C27 /* Debug */,
				4596771D287CBCBD00966C27 /* Release */,
			);
			defaultConfigurationIsVisible = 0;
			defaultConfigurationName = Release;
		};
/* End XCConfigurationList section */
	};
	rootObject = 459676FF287CBCB800966C27 /* Project object */;
}
